lockfileVersion: '9.0'

settings:
  autoInstallPeers: true
  excludeLinksFromLockfile: false

importers:

  .:
    dependencies:
      '@vue-flow/background':
        specifier: ^1.3.2
        version: 1.3.2(@vue-flow/core@1.48.1(vue@3.5.26))(vue@3.5.26)
      '@vue-flow/controls':
        specifier: ^1.1.3
        version: 1.1.3(@vue-flow/core@1.48.1(vue@3.5.26))(vue@3.5.26)
      '@vue-flow/core':
        specifier: ^1.48.1
        version: 1.48.1(vue@3.5.26)
    devDependencies:
      '@kong/design-tokens':
        specifier: 1.18.2
        version: 1.18.2
      '@kong/icons':
        specifier: ^1.41.0
        version: 1.41.0(vue@3.5.26)
      '@kong/kongponents':
        specifier: 9.48.6
        version: 9.48.6(vue-router@4.6.4(vue@3.5.26))(vue@3.5.26)
      sass:
        specifier: ^1.80.3
        version: 1.97.1
      vue:
        specifier: ^3.5.26
        version: 3.5.26

packages:

  '@babel/helper-string-parser@7.27.1':
    resolution: {integrity: sha512-qMlSxKbpRlAridDExk92nSobyDdpPijUq2DW6oDnUqd0iOGxmQjyqhMIihI9+zv4LPyZdRje2cavWPbCbWm3eA==}
    engines: {node: '>=6.9.0'}

  '@babel/helper-validator-identifier@7.28.5':
    resolution: {integrity: sha512-qSs4ifwzKJSV39ucNjsvc6WVHs6b7S03sOh2OcHF9UHfVPqWWALUsNUVzhSBiItjRZoLHx7nIarVjqKVusUZ1Q==}
    engines: {node: '>=6.9.0'}

  '@babel/parser@7.28.5':
    resolution: {integrity: sha512-KKBU1VGYR7ORr3At5HAtUQ+TV3SzRCXmA/8OdDZiLDBIZxVyzXuztPjfLd3BV1PRAQGCMWWSHYhL0F8d5uHBDQ==}
    engines: {node: '>=6.0.0'}
    hasBin: true

  '@babel/runtime@7.28.4':
    resolution: {integrity: sha512-Q/N6JNWvIvPnLDvjlE1OUBLPQHH6l3CltCEsHIujp45zQUSSh8K+gHnaEX45yAT1nyngnINhvWtzN+Nb9D8RAQ==}
    engines: {node: '>=6.9.0'}

  '@babel/types@7.28.5':
    resolution: {integrity: sha512-qQ5m48eI/MFLQ5PxQj4PFaprjyCTLI37ElWMmNs0K8Lk3dVeOdNpB3ks8jc7yM5CDmVC73eMVk/trk3fgmrUpA==}
    engines: {node: '>=6.9.0'}

  '@floating-ui/core@1.7.3':
    resolution: {integrity: sha512-sGnvb5dmrJaKEZ+LDIpguvdX3bDlEllmv4/ClQ9awcmCZrlx5jQyyMWFM5kBI+EyNOCDDiKk8il0zeuX3Zlg/w==}

  '@floating-ui/dom@1.7.4':
    resolution: {integrity: sha512-OOchDgh4F2CchOX94cRVqhvy7b3AFb+/rQXyswmzmGakRfkMgoWVjfnLWkRirfLEfuD4ysVW16eXzwt3jHIzKA==}

  '@floating-ui/utils@0.2.10':
    resolution: {integrity: sha512-aGTxbpbg8/b5JfU1HXSrbH3wXZuLPJcNEcZQFMxLs3oSzgtVu6nFPkbbGGUvBcUjKV2YyB9Wxxabo+HEH9tcRQ==}

  '@floating-ui/vue@1.1.9':
    resolution: {integrity: sha512-BfNqNW6KA83Nexspgb9DZuz578R7HT8MZw1CfK9I6Ah4QReNWEJsXWHN+SdmOVLNGmTPDi+fDT535Df5PzMLbQ==}

  '@jridgewell/sourcemap-codec@1.5.5':
    resolution: {integrity: sha512-cYQ9310grqxueWbl+WuIUIaiUaDcj7WOq5fVhEljNVgRfOUhY9fy2zTvfoqWsnebh8Sl70VScFbICvJnLKB0Og==}

  '@kong/design-tokens@1.18.2':
    resolution: {integrity: sha512-xYdj2b72Dtos8BIOqiLRJF2IYsB1bBx3OEjeGa7WnOTd9FK/0ZeaclwrL5N4fBFV9w+Vf4oJnXyYCBZ1gW1fOg==}
    engines: {node: '>=20.19.5', pnpm: '>=9.14.4 || >=10.1.0'}

  '@kong/icons@1.41.0':
    resolution: {integrity: sha512-I6V/lYVz4AgKaSAAmEp3P5mjgYskJb2Kv5Y85xRehmRqu+jQ9mbuxDtXq90k0RzvdtBh93DAdH0T+xCzl3XXnA==}
    engines: {node: '>=18.17.0', pnpm: '>=9.14.4 || >=10.1.0'}
    peerDependencies:
      vue: '>= 3.3.4 < 4'

  '@kong/kongponents@9.48.6':
    resolution: {integrity: sha512-DJ6EhuiAbiTAI1d4GuVSYTxqeIkjpcV/05JEmldUI7G9mlA1gM2GdqUWnJ0sVUCUsMGpRlIg4N7NNba59RXTRA==}
    engines: {node: '>=v16.20.2 || >=18.12.1 || >=20.14.0 || >=22.14.0', pnpm: '>=9.11.0 || >=10.10.0'}
    peerDependencies:
      vue: '>= 3.5.0 < 4'
      vue-router: ^4.6.4

  '@parcel/watcher-android-arm64@2.5.1':
    resolution: {integrity: sha512-KF8+j9nNbUN8vzOFDpRMsaKBHZ/mcjEjMToVMJOhTozkDonQFFrRcfdLWn6yWKCmJKmdVxSgHiYvTCef4/qcBA==}
    engines: {node: '>= 10.0.0'}
    cpu: [arm64]
    os: [android]

  '@parcel/watcher-darwin-arm64@2.5.1':
    resolution: {integrity: sha512-eAzPv5osDmZyBhou8PoF4i6RQXAfeKL9tjb3QzYuccXFMQU0ruIc/POh30ePnaOyD1UXdlKguHBmsTs53tVoPw==}
    engines: {node: '>= 10.0.0'}
    cpu: [arm64]
    os: [darwin]

  '@parcel/watcher-darwin-x64@2.5.1':
    resolution: {integrity: sha512-1ZXDthrnNmwv10A0/3AJNZ9JGlzrF82i3gNQcWOzd7nJ8aj+ILyW1MTxVk35Db0u91oD5Nlk9MBiujMlwmeXZg==}
    engines: {node: '>= 10.0.0'}
    cpu: [x64]
    os: [darwin]

  '@parcel/watcher-freebsd-x64@2.5.1':
    resolution: {integrity: sha512-SI4eljM7Flp9yPuKi8W0ird8TI/JK6CSxju3NojVI6BjHsTyK7zxA9urjVjEKJ5MBYC+bLmMcbAWlZ+rFkLpJQ==}
    engines: {node: '>= 10.0.0'}
    cpu: [x64]
    os: [freebsd]

  '@parcel/watcher-linux-arm-glibc@2.5.1':
    resolution: {integrity: sha512-RCdZlEyTs8geyBkkcnPWvtXLY44BCeZKmGYRtSgtwwnHR4dxfHRG3gR99XdMEdQ7KeiDdasJwwvNSF5jKtDwdA==}
    engines: {node: '>= 10.0.0'}
    cpu: [arm]
    os: [linux]

  '@parcel/watcher-linux-arm-musl@2.5.1':
    resolution: {integrity: sha512-6E+m/Mm1t1yhB8X412stiKFG3XykmgdIOqhjWj+VL8oHkKABfu/gjFj8DvLrYVHSBNC+/u5PeNrujiSQ1zwd1Q==}
    engines: {node: '>= 10.0.0'}
    cpu: [arm]
    os: [linux]

  '@parcel/watcher-linux-arm64-glibc@2.5.1':
    resolution: {integrity: sha512-LrGp+f02yU3BN9A+DGuY3v3bmnFUggAITBGriZHUREfNEzZh/GO06FF5u2kx8x+GBEUYfyTGamol4j3m9ANe8w==}
    engines: {node: '>= 10.0.0'}
    cpu: [arm64]
    os: [linux]

  '@parcel/watcher-linux-arm64-musl@2.5.1':
    resolution: {integrity: sha512-cFOjABi92pMYRXS7AcQv9/M1YuKRw8SZniCDw0ssQb/noPkRzA+HBDkwmyOJYp5wXcsTrhxO0zq1U11cK9jsFg==}
    engines: {node: '>= 10.0.0'}
    cpu: [arm64]
    os: [linux]

  '@parcel/watcher-linux-x64-glibc@2.5.1':
    resolution: {integrity: sha512-GcESn8NZySmfwlTsIur+49yDqSny2IhPeZfXunQi48DMugKeZ7uy1FX83pO0X22sHntJ4Ub+9k34XQCX+oHt2A==}
    engines: {node: '>= 10.0.0'}
    cpu: [x64]
    os: [linux]

  '@parcel/watcher-linux-x64-musl@2.5.1':
    resolution: {integrity: sha512-n0E2EQbatQ3bXhcH2D1XIAANAcTZkQICBPVaxMeaCVBtOpBZpWJuf7LwyWPSBDITb7In8mqQgJ7gH8CILCURXg==}
    engines: {node: '>= 10.0.0'}
    cpu: [x64]
    os: [linux]

  '@parcel/watcher-win32-arm64@2.5.1':
    resolution: {integrity: sha512-RFzklRvmc3PkjKjry3hLF9wD7ppR4AKcWNzH7kXR7GUe0Igb3Nz8fyPwtZCSquGrhU5HhUNDr/mKBqj7tqA2Vw==}
    engines: {node: '>= 10.0.0'}
    cpu: [arm64]
    os: [win32]

  '@parcel/watcher-win32-ia32@2.5.1':
    resolution: {integrity: sha512-c2KkcVN+NJmuA7CGlaGD1qJh1cLfDnQsHjE89E60vUEMlqduHGCdCLJCID5geFVM0dOtA3ZiIO8BoEQmzQVfpQ==}
    engines: {node: '>= 10.0.0'}
    cpu: [ia32]
    os: [win32]

  '@parcel/watcher-win32-x64@2.5.1':
    resolution: {integrity: sha512-9lHBdJITeNR++EvSQVUcaZoWupyHfXe1jZvGZ06O/5MflPcuPLtEphScIBL+AiCWBO46tDSHzWyD0uDmmZqsgA==}
    engines: {node: '>= 10.0.0'}
    cpu: [x64]
    os: [win32]

  '@parcel/watcher@2.5.1':
    resolution: {integrity: sha512-dfUnCxiN9H4ap84DvD2ubjw+3vUNpstxa0TneY/Paat8a3R4uQZDLSvWjmznAY/DoahqTHl9V46HF/Zs3F29pg==}
    engines: {node: '>= 10.0.0'}

  '@popperjs/core@2.11.8':
    resolution: {integrity: sha512-P1st0aksCrn9sGZhp8GMYwBnQsbvAWsZAX44oXNNvLHGqAOcoVxmjZiohstwQ7SqKnbR47akdNi+uleWD8+g6A==}

  '@types/lodash@4.17.21':
    resolution: {integrity: sha512-FOvQ0YPD5NOfPgMzJihoT+Za5pdkDJWcbpuj1DjaKZIr/gxodQjY/uWEFlTNqW2ugXHUiL8lRQgw63dzKHZdeQ==}

  '@types/resize-observer-browser@0.1.11':
    resolution: {integrity: sha512-cNw5iH8JkMkb3QkCoe7DaZiawbDQEUX8t7iuQaRTyLOyQCR2h+ibBD4GJt7p5yhUHrlOeL7ZtbxNHeipqNsBzQ==}

  '@types/web-bluetooth@0.0.20':
    resolution: {integrity: sha512-g9gZnnXVq7gM7v3tJCWV/qw7w+KeOlSHAhgF9RytFyifW6AF61hdT2ucrYhPq9hLs5JIryeupHV3qGk95dH9ow==}

  '@vue-flow/background@1.3.2':
    resolution: {integrity: sha512-eJPhDcLj1wEo45bBoqTXw1uhl0yK2RaQGnEINqvvBsAFKh/camHJd5NPmOdS1w+M9lggc9igUewxaEd3iCQX2w==}
    peerDependencies:
      '@vue-flow/core': ^1.23.0
      vue: ^3.3.0

  '@vue-flow/controls@1.1.3':
    resolution: {integrity: sha512-XCf+G+jCvaWURdFlZmOjifZGw3XMhN5hHlfMGkWh9xot+9nH9gdTZtn+ldIJKtarg3B21iyHU8JjKDhYcB6JMw==}
    peerDependencies:
      '@vue-flow/core': ^1.23.0
      vue: ^3.3.0

  '@vue-flow/core@1.48.1':
    resolution: {integrity: sha512-3IxaMBLvWRbznZ4CuK0kVhp4Y4lCDQx9nhi48Swp6PwPw29KNhmiKd2kaBogYeWjGLb/tLjlE9V0s3jEmKCYWw==}
    peerDependencies:
      vue: ^3.3.0

  '@vue/compiler-core@3.5.26':
    resolution: {integrity: sha512-vXyI5GMfuoBCnv5ucIT7jhHKl55Y477yxP6fc4eUswjP8FG3FFVFd41eNDArR+Uk3QKn2Z85NavjaxLxOC19/w==}

  '@vue/compiler-dom@3.5.26':
    resolution: {integrity: sha512-y1Tcd3eXs834QjswshSilCBnKGeQjQXB6PqFn/1nxcQw4pmG42G8lwz+FZPAZAby6gZeHSt/8LMPfZ4Rb+Bd/A==}

  '@vue/compiler-sfc@3.5.26':
    resolution: {integrity: sha512-egp69qDTSEZcf4bGOSsprUr4xI73wfrY5oRs6GSgXFTiHrWj4Y3X5Ydtip9QMqiCMCPVwLglB9GBxXtTadJ3mA==}

  '@vue/compiler-ssr@3.5.26':
    resolution: {integrity: sha512-lZT9/Y0nSIRUPVvapFJEVDbEXruZh2IYHMk2zTtEgJSlP5gVOqeWXH54xDKAaFS4rTnDeDBQUYDtxKyoW9FwDw==}

  '@vue/devtools-api@6.6.4':
    resolution: {integrity: sha512-sGhTPMuXqZ1rVOk32RylztWkfXTRhuS7vgAKv0zjqk8gbsHkJ7xfFf+jbySxt7tWObEJwyKaHMikV/WGDiQm8g==}

  '@vue/reactivity@3.5.26':
    resolution: {integrity: sha512-9EnYB1/DIiUYYnzlnUBgwU32NNvLp/nhxLXeWRhHUEeWNTn1ECxX8aGO7RTXeX6PPcxe3LLuNBFoJbV4QZ+CFQ==}

  '@vue/runtime-core@3.5.26':
    resolution: {integrity: sha512-xJWM9KH1kd201w5DvMDOwDHYhrdPTrAatn56oB/LRG4plEQeZRQLw0Bpwih9KYoqmzaxF0OKSn6swzYi84e1/Q==}

  '@vue/runtime-dom@3.5.26':
    resolution: {integrity: sha512-XLLd/+4sPC2ZkN/6+V4O4gjJu6kSDbHAChvsyWgm1oGbdSO3efvGYnm25yCjtFm/K7rrSDvSfPDgN1pHgS4VNQ==}

  '@vue/server-renderer@3.5.26':
    resolution: {integrity: sha512-TYKLXmrwWKSodyVuO1WAubucd+1XlLg4set0YoV+Hu8Lo79mp/YMwWV5mC5FgtsDxX3qo1ONrxFaTP1OQgy1uA==}
    peerDependencies:
      vue: 3.5.26

  '@vue/shared@3.5.26':
    resolution: {integrity: sha512-7Z6/y3uFI5PRoKeorTOSXKcDj0MSasfNNltcslbFrPpcw6aXRUALq4IfJlaTRspiWIUOEZbrpM+iQGmCOiWe4A==}

  '@vueuse/core@10.11.1':
    resolution: {integrity: sha512-guoy26JQktXPcz+0n3GukWIy/JDNKti9v6VEMu6kV2sYBsWuGiTU8OWdg+ADfUbHg3/3DlqySDe7JmdHrktiww==}

  '@vueuse/metadata@10.11.1':
    resolution: {integrity: sha512-IGa5FXd003Ug1qAZmyE8wF3sJ81xGLSqTqtQ6jaVfkeZ4i5kS2mwQF61yhVqojRnenVew5PldLyRgvdl4YYuSw==}

  '@vueuse/shared@10.11.1':
    resolution: {integrity: sha512-LHpC8711VFZlDaYUXEBbFBCQ7GS3dVU9mjOhhMhXP6txTV4EhYQg/KGnQuvt/sPAtoUKq7VVUnL6mVtFoL42sA==}

  braces@3.0.3:
    resolution: {integrity: sha512-yQbXgO/OSZVD2IsiLlro+7Hf6Q18EJrKSEsdoMzKePKXct3gvD8oLcOQdIzGupr5Fj+EDe8gO/lxc1BzfMpxvA==}
    engines: {node: '>=8'}

  chokidar@4.0.3:
    resolution: {integrity: sha512-Qgzu8kfBvo+cA4962jnP1KkS6Dop5NS6g7R5LFYJr4b8Ub94PPQXUksCw9PvXoeXPRRddRNC5C1JQUR2SMGtnA==}
    engines: {node: '>= 14.16.0'}

  csstype@3.2.3:
    resolution: {integrity: sha512-z1HGKcYy2xA8AGQfwrn0PAy+PB7X/GSj3UVJW9qKyn43xWa+gl5nXmU4qqLMRzWVLFC8KusUX8T/0kCiOYpAIQ==}

  d3-color@3.1.0:
    resolution: {integrity: sha512-zg/chbXyeBtMQ1LbD/WSoW2DpC3I0mpmPdW+ynRTj/x2DAWYrIY7qeZIHidozwV24m4iavr15lNwIwLxRmOxhA==}
    engines: {node: '>=12'}

  d3-dispatch@3.0.1:
    resolution: {integrity: sha512-rzUyPU/S7rwUflMyLc1ETDeBj0NRuHKKAcvukozwhshr6g6c5d8zh4c2gQjY2bZ0dXeGLWc1PF174P2tVvKhfg==}
    engines: {node: '>=12'}

  d3-drag@3.0.0:
    resolution: {integrity: sha512-pWbUJLdETVA8lQNJecMxoXfH6x+mO2UQo8rSmZ+QqxcbyA3hfeprFgIT//HW2nlHChWeIIMwS2Fq+gEARkhTkg==}
    engines: {node: '>=12'}

  d3-ease@3.0.1:
    resolution: {integrity: sha512-wR/XK3D3XcLIZwpbvQwQ5fK+8Ykds1ip7A2Txe0yxncXSdq1L9skcG7blcedkOX+ZcgxGAmLX1FrRGbADwzi0w==}
    engines: {node: '>=12'}

  d3-interpolate@3.0.1:
    resolution: {integrity: sha512-3bYs1rOD33uo8aqJfKP3JWPAibgw8Zm2+L9vBKEHJ2Rg+viTR7o5Mmv5mZcieN+FRYaAOWX5SJATX6k1PWz72g==}
    engines: {node: '>=12'}

  d3-selection@3.0.0:
    resolution: {integrity: sha512-fmTRWbNMmsmWq6xJV8D19U/gw/bwrHfNXxrIN+HfZgnzqTHp9jOmKMhsTUjXOJnZOdZY9Q28y4yebKzqDKlxlQ==}
    engines: {node: '>=12'}

  d3-timer@3.0.1:
    resolution: {integrity: sha512-ndfJ/JxxMd3nw31uyKoY2naivF+r29V+Lc0svZxe1JvvIRmi8hUsrMvdOwgS1o6uBHmiz91geQ0ylPP0aj1VUA==}
    engines: {node: '>=12'}

  d3-transition@3.0.1:
    resolution: {integrity: sha512-ApKvfjsSR6tg06xrL434C0WydLr7JewBB3V+/39RMHsaXTOG0zmt/OAXeng5M5LBm0ojmxJrpomQVZ1aPvBL4w==}
    engines: {node: '>=12'}
    peerDependencies:
      d3-selection: 2 - 3

  d3-zoom@3.0.0:
    resolution: {integrity: sha512-b8AmV3kfQaqWAuacbPuNbL6vahnOJflOhexLzMMNLga62+/nh0JzvJ0aO/5a5MVgUFGS7Hu1P9P03o3fJkDCyw==}
    engines: {node: '>=12'}

  date-fns-tz@2.0.1:
    resolution: {integrity: sha512-fJCG3Pwx8HUoLhkepdsP7Z5RsucUi+ZBOxyM5d0ZZ6c4SdYustq0VMmOu6Wf7bli+yS/Jwp91TOCqn9jMcVrUA==}
    peerDependencies:
      date-fns: 2.x

  date-fns@2.30.0:
    resolution: {integrity: sha512-fnULvOpxnC5/Vg3NCiWelDsLiUc9bRwAPs/+LfTLNvetFCtCTN+yQz15C/fs4AwX1R9K5GLtLfn8QW+dWisaAw==}
    engines: {node: '>=0.11'}

  detect-libc@1.0.3:
    resolution: {integrity: sha512-pGjwhsmsp4kL2RTz08wcOlGN83otlqHeD/Z5T8GXZB+/YcpQ/dgo+lbU8ZsGxV0HIvqqxo9l7mqYwyYMD9bKDg==}
    engines: {node: '>=0.10'}
    hasBin: true

  entities@7.0.0:
    resolution: {integrity: sha512-FDWG5cmEYf2Z00IkYRhbFrwIwvdFKH07uV8dvNy0omp/Qb1xcyCWp2UDtcwJF4QZZvk0sLudP6/hAu42TaqVhQ==}
    engines: {node: '>=0.12'}

  estree-walker@2.0.2:
    resolution: {integrity: sha512-Rfkk/Mp/DL7JVje3u18FxFujQlTNR2q6QfMSMB7AvCBx91NGj/ba3kCfza0f6dVDbw7YlRf/nDrn7pQrCCyQ/w==}

  fill-range@7.1.1:
    resolution: {integrity: sha512-YsGpe3WHLK8ZYi4tWDg2Jy3ebRz2rXowDxnld4bkQB00cc/1Zw9AWnC0i9ztDJitivtQvaI9KaLyKrc+hBW0yg==}
    engines: {node: '>=8'}

  focus-trap-vue@4.1.0:
    resolution: {integrity: sha512-RvK28mED+4fqoqnJQyadfoiKZU2G/QEez+EnJtdsg83DjiuKetimvDGas9ot4p5bn1J09rDmKLtKFMBkwQc+JA==}
    peerDependencies:
      focus-trap: ^7.0.0
      vue: ^3.0.0

  focus-trap@7.7.0:
    resolution: {integrity: sha512-DJJDHpEgoSbP8ZE1MNeU2IzCpfFyFdNZZRilqmfH2XiQsPK6PtD8AfJqWzEBudUQB2yHwZc5iq54rjTaGQ+ljw==}

  immutable@5.1.4:
    resolution: {integrity: sha512-p6u1bG3YSnINT5RQmx/yRZBpenIl30kVxkTLDyHLIMk0gict704Q9n+thfDI7lTRm9vXdDYutVzXhzcThxTnXA==}

  is-extglob@2.1.1:
    resolution: {integrity: sha512-SbKbANkN603Vi4jEZv49LeVJMn4yGwsbzZworEoyEiutsN3nJYdbO36zfhGJ6QEDpOZIFkDtnq5JRxmvl3jsoQ==}
    engines: {node: '>=0.10.0'}

  is-glob@4.0.3:
    resolution: {integrity: sha512-xelSayHH36ZgE7ZWhli7pW34hNbNl8Ojv5KVmkJD4hBdD3th8Tfk9vYasLM+mXWOZhFkgZfxhLSnrwRr4elSSg==}
    engines: {node: '>=0.10.0'}

  is-number@7.0.0:
    resolution: {integrity: sha512-41Cifkg6e8TylSpdtTpeLVMqvSBEVzTttHvERD741+pnZ8ANv0004MRL43QKPDlK9cGvNp6NZWZUBlbGXYxxng==}
    engines: {node: '>=0.12.0'}

  lodash-es@4.17.22:
    resolution: {integrity: sha512-XEawp1t0gxSi9x01glktRZ5HDy0HXqrM0x5pXQM98EaI0NxO6jVM7omDOxsuEo5UIASAnm2bRp1Jt/e0a2XU8Q==}

  lodash@4.17.21:
    resolution: {integrity: sha512-v2kDEe57lecTulaDIuNTPy3Ry4gLGJ6Z1O3vE1krgXZNrsQ+LFTGHVxVjcXPs17LhbZVGedAJv8XZ1tvj5FvSg==}

  magic-string@0.30.21:
    resolution: {integrity: sha512-vd2F4YUyEXKGcLHoq+TEyCjxueSeHnFxyyjNp80yg0XV4vUhnDer/lvvlqM/arB5bXQN5K2/3oinyCRyx8T2CQ==}

  micromatch@4.0.8:
    resolution: {integrity: sha512-PXwfBhYu0hBCPw8Dn0E+WDYb7af3dSLVWKi3HGv84IdF4TyFoC0ysxFd0Goxw7nSv4T/PzEJQxsYsEiFCKo2BA==}
    engines: {node: '>=8.6'}

  nanoid@3.3.11:
    resolution: {integrity: sha512-N8SpfPUnUp1bK+PMYW8qSWdl9U+wwNWI4QKxOYDy9JAro3WMX7p2OeVRF9v+347pnakNevPmiHhNmZ2HbFA76w==}
    engines: {node: ^10 || ^12 || ^13.7 || ^14 || >=15.0.1}
    hasBin: true

  nanoid@5.1.6:
    resolution: {integrity: sha512-c7+7RQ+dMB5dPwwCp4ee1/iV/q2P6aK1mTZcfr1BTuVlyW9hJYiMPybJCcnBlQtuSmTIWNeazm/zqNoZSSElBg==}
    engines: {node: ^18 || >=20}
    hasBin: true

  node-addon-api@7.1.1:
    resolution: {integrity: sha512-5m3bsyrjFWE1xf7nz7YXdN4udnVtXK6/Yfgn5qnahL6bCkf2yKt4k3nuTKAtT4r3IG8JNR2ncsIMdZuAzJjHQQ==}

  picocolors@1.1.1:
    resolution: {integrity: sha512-xceH2snhtb5M9liqDsmEw56le376mTZkEX/jEb/RxNFyegNul7eNslCXP9FDj/Lcu0X8KEyMceP2ntpaHrDEVA==}

  picomatch@2.3.1:
    resolution: {integrity: sha512-JU3teHTNjmE2VCGFzuY8EXzCDVwEqB2a8fsIvwaStHhAWJEeVd1o1QD80CU6+ZdEXXSLbSsuLwJjkCBWqRQUVA==}
    engines: {node: '>=8.6'}

  postcss@8.5.6:
    resolution: {integrity: sha512-3Ybi1tAuwAP9s0r1UQ2J4n5Y0G05bJkpUIO0/bI9MhwmD70S5aTWbXGBwxHrelT+XM1k6dM0pk+SwNkpTRN7Pg==}
    engines: {node: ^10 || ^12 || >=14}

  readdirp@4.1.2:
    resolution: {integrity: sha512-GDhwkLfywWL2s6vEjyhri+eXmfH6j1L7JE27WhqLeYzoh/A3DBaYGEj2H/HFZCn/kMfim73FXxEJTw06WtxQwg==}
    engines: {node: '>= 14.18.0'}

  sass@1.97.1:
    resolution: {integrity: sha512-uf6HoO8fy6ClsrShvMgaKUn14f2EHQLQRtpsZZLeU/Mv0Q1K5P0+x2uvH6Cub39TVVbWNSrraUhDAoFph6vh0A==}
    engines: {node: '>=14.0.0'}
    hasBin: true

  sortablejs@1.15.6:
    resolution: {integrity: sha512-aNfiuwMEpfBM/CN6LY0ibyhxPfPbyFeBTYJKCvzkJ2GkUpazIt3H+QIPAMHwqQ7tMKaHz1Qj+rJJCqljnf4p3A==}

  source-map-js@1.2.1:
    resolution: {integrity: sha512-UXWMKhLOwVKb728IUtQPXxfYU+usdybtUrK/8uGE8CQMvrhOpwvzDBwj0QhSL7MQc7vIsISBG8VQ8+IDQxpfQA==}
    engines: {node: '>=0.10.0'}

  swrv@1.1.0:
    resolution: {integrity: sha512-pjllRDr2s0iTwiE5Isvip51dZGR7GjLH1gCSVyE8bQnbAx6xackXsFdojau+1O5u98yHF5V73HQGOFxKUXO9gQ==}
    peerDependencies:
      vue: '>=3.2.26 < 4'

  tabbable@6.3.0:
    resolution: {integrity: sha512-EIHvdY5bPLuWForiR/AN2Bxngzpuwn1is4asboytXtpTgsArc+WmSJKVLlhdh71u7jFcryDqB2A8lQvj78MkyQ==}

  to-regex-range@5.0.1:
    resolution: {integrity: sha512-65P7iz6X5yEr1cwcgvQxbbIw7Uk3gOy5dIdtZ4rDveLqhrdJP+Li/Hx6tyK0NEb+2GCyneCMJiGqrADCSNk8sQ==}
    engines: {node: '>=8.0'}

  v-calendar@3.1.2:
    resolution: {integrity: sha512-QDWrnp4PWCpzUblctgo4T558PrHgHzDtQnTeUNzKxfNf29FkCeFpwGd9bKjAqktaa2aJLcyRl45T5ln1ku34kg==}
    peerDependencies:
      '@popperjs/core': ^2.0.0
      vue: ^3.2.0

  virtua@0.45.3:
    resolution: {integrity: sha512-+nW3VOwXhlte3m4jbS9gVMked/cZo95IKChH0qol+XUApQVZpPaLDGee1BC/rVng0tsMfxs0vJPEPEUAAfKpkw==}
    peerDependencies:
      react: '>=16.14.0'
      react-dom: '>=16.14.0'
      solid-js: '>=1.0'
      svelte: '>=5.0'
      vue: '>=3.2'
    peerDependenciesMeta:
      react:
        optional: true
      react-dom:
        optional: true
      solid-js:
        optional: true
      svelte:
        optional: true
      vue:
        optional: true

  vue-demi@0.14.10:
    resolution: {integrity: sha512-nMZBOwuzabUO0nLgIcc6rycZEebF6eeUfaiQx9+WSk8e29IbLvPU9feI6tqW4kTo3hvoYAJkMh8n8D0fuISphg==}
    engines: {node: '>=12'}
    hasBin: true
    peerDependencies:
      '@vue/composition-api': ^1.0.0-rc.1
      vue: ^3.0.0-0 || ^2.6.0
    peerDependenciesMeta:
      '@vue/composition-api':
        optional: true

  vue-draggable-next@2.3.0:
    resolution: {integrity: sha512-ymbY0UIwfSdg0iDN/iyNNwUrTqZ/6KbPryzsvTNXBLuDCuOBdNijSK8yynNtmiSj6RapTPQfjLGQdJrZkzBd2w==}
    peerDependencies:
      sortablejs: ^1.14.0
      vue: ^3.5.17

  vue-router@4.6.4:
    resolution: {integrity: sha512-Hz9q5sa33Yhduglwz6g9skT8OBPii+4bFn88w6J+J4MfEo4KRRpmiNG/hHHkdbRFlLBOqxN8y8gf2Fb0MTUgVg==}
    peerDependencies:
      vue: ^3.5.0

  vue-screen-utils@1.0.0-beta.13:
    resolution: {integrity: sha512-EJ/8TANKhFj+LefDuOvZykwMr3rrLFPLNb++lNBqPOpVigT2ActRg6icH9RFQVm4nHwlHIHSGm5OY/Clar9yIg==}
    peerDependencies:
      vue: ^3.2.0

  vue@3.5.26:
    resolution: {integrity: sha512-SJ/NTccVyAoNUJmkM9KUqPcYlY+u8OVL1X5EW9RIs3ch5H2uERxyyIUI4MRxVCSOiEcupX9xNGde1tL9ZKpimA==}
    peerDependencies:
      typescript: '*'
    peerDependenciesMeta:
      typescript:
        optional: true

snapshots:

  '@babel/helper-string-parser@7.27.1': {}

  '@babel/helper-validator-identifier@7.28.5': {}

  '@babel/parser@7.28.5':
    dependencies:
      '@babel/types': 7.28.5

  '@babel/runtime@7.28.4': {}

  '@babel/types@7.28.5':
    dependencies:
      '@babel/helper-string-parser': 7.27.1
      '@babel/helper-validator-identifier': 7.28.5

  '@floating-ui/core@1.7.3':
    dependencies:
      '@floating-ui/utils': 0.2.10

  '@floating-ui/dom@1.7.4':
    dependencies:
      '@floating-ui/core': 1.7.3
      '@floating-ui/utils': 0.2.10

  '@floating-ui/utils@0.2.10': {}

  '@floating-ui/vue@1.1.9(vue@3.5.26)':
    dependencies:
      '@floating-ui/dom': 1.7.4
      '@floating-ui/utils': 0.2.10
      vue-demi: 0.14.10(vue@3.5.26)
    transitivePeerDependencies:
      - '@vue/composition-api'
      - vue

  '@jridgewell/sourcemap-codec@1.5.5': {}

  '@kong/design-tokens@1.18.2': {}

  '@kong/icons@1.41.0(vue@3.5.26)':
    dependencies:
      vue: 3.5.26

  '@kong/kongponents@9.48.6(vue-router@4.6.4(vue@3.5.26))(vue@3.5.26)':
    dependencies:
      '@floating-ui/vue': 1.1.9(vue@3.5.26)
      '@kong/icons': 1.41.0(vue@3.5.26)
      '@popperjs/core': 2.11.8
      date-fns: 2.30.0
      date-fns-tz: 2.0.1(date-fns@2.30.0)
      focus-trap: 7.7.0
      focus-trap-vue: 4.1.0(focus-trap@7.7.0)(vue@3.5.26)
      lodash-es: 4.17.22
      nanoid: 5.1.6
      sortablejs: 1.15.6
      swrv: 1.1.0(vue@3.5.26)
      v-calendar: 3.1.2(@popperjs/core@2.11.8)(vue@3.5.26)
      virtua: 0.45.3(vue@3.5.26)
      vue: 3.5.26
      vue-draggable-next: 2.3.0(sortablejs@1.15.6)(vue@3.5.26)
      vue-router: 4.6.4(vue@3.5.26)
    transitivePeerDependencies:
      - '@vue/composition-api'
      - react
      - react-dom
      - solid-js
      - svelte

  '@parcel/watcher-android-arm64@2.5.1':
    optional: true

  '@parcel/watcher-darwin-arm64@2.5.1':
    optional: true

  '@parcel/watcher-darwin-x64@2.5.1':
    optional: true

  '@parcel/watcher-freebsd-x64@2.5.1':
    optional: true

  '@parcel/watcher-linux-arm-glibc@2.5.1':
    optional: true

  '@parcel/watcher-linux-arm-musl@2.5.1':
    optional: true

  '@parcel/watcher-linux-arm64-glibc@2.5.1':
    optional: true

  '@parcel/watcher-linux-arm64-musl@2.5.1':
    optional: true

  '@parcel/watcher-linux-x64-glibc@2.5.1':
    optional: true

  '@parcel/watcher-linux-x64-musl@2.5.1':
    optional: true

  '@parcel/watcher-win32-arm64@2.5.1':
    optional: true

  '@parcel/watcher-win32-ia32@2.5.1':
    optional: true

  '@parcel/watcher-win32-x64@2.5.1':
    optional: true

  '@parcel/watcher@2.5.1':
    dependencies:
      detect-libc: 1.0.3
      is-glob: 4.0.3
      micromatch: 4.0.8
      node-addon-api: 7.1.1
    optionalDependencies:
      '@parcel/watcher-android-arm64': 2.5.1
      '@parcel/watcher-darwin-arm64': 2.5.1
      '@parcel/watcher-darwin-x64': 2.5.1
      '@parcel/watcher-freebsd-x64': 2.5.1
      '@parcel/watcher-linux-arm-glibc': 2.5.1
      '@parcel/watcher-linux-arm-musl': 2.5.1
      '@parcel/watcher-linux-arm64-glibc': 2.5.1
      '@parcel/watcher-linux-arm64-musl': 2.5.1
      '@parcel/watcher-linux-x64-glibc': 2.5.1
      '@parcel/watcher-linux-x64-musl': 2.5.1
      '@parcel/watcher-win32-arm64': 2.5.1
      '@parcel/watcher-win32-ia32': 2.5.1
      '@parcel/watcher-win32-x64': 2.5.1
    optional: true

  '@popperjs/core@2.11.8': {}

  '@types/lodash@4.17.21': {}

  '@types/resize-observer-browser@0.1.11': {}

  '@types/web-bluetooth@0.0.20': {}

  '@vue-flow/background@1.3.2(@vue-flow/core@1.48.1(vue@3.5.26))(vue@3.5.26)':
    dependencies:
      '@vue-flow/core': 1.48.1(vue@3.5.26)
      vue: 3.5.26

  '@vue-flow/controls@1.1.3(@vue-flow/core@1.48.1(vue@3.5.26))(vue@3.5.26)':
    dependencies:
      '@vue-flow/core': 1.48.1(vue@3.5.26)
      vue: 3.5.26

  '@vue-flow/core@1.48.1(vue@3.5.26)':
    dependencies:
      '@vueuse/core': 10.11.1(vue@3.5.26)
      d3-drag: 3.0.0
      d3-interpolate: 3.0.1
      d3-selection: 3.0.0
      d3-zoom: 3.0.0
      vue: 3.5.26
    transitivePeerDependencies:
      - '@vue/composition-api'

  '@vue/compiler-core@3.5.26':
    dependencies:
      '@babel/parser': 7.28.5
      '@vue/shared': 3.5.26
      entities: 7.0.0
      estree-walker: 2.0.2
      source-map-js: 1.2.1

  '@vue/compiler-dom@3.5.26':
    dependencies:
      '@vue/compiler-core': 3.5.26
      '@vue/shared': 3.5.26

  '@vue/compiler-sfc@3.5.26':
    dependencies:
      '@babel/parser': 7.28.5
      '@vue/compiler-core': 3.5.26
      '@vue/compiler-dom': 3.5.26
      '@vue/compiler-ssr': 3.5.26
      '@vue/shared': 3.5.26
      estree-walker: 2.0.2
      magic-string: 0.30.21
      postcss: 8.5.6
      source-map-js: 1.2.1

  '@vue/compiler-ssr@3.5.26':
    dependencies:
      '@vue/compiler-dom': 3.5.26
      '@vue/shared': 3.5.26

  '@vue/devtools-api@6.6.4': {}

  '@vue/reactivity@3.5.26':
    dependencies:
      '@vue/shared': 3.5.26

  '@vue/runtime-core@3.5.26':
    dependencies:
      '@vue/reactivity': 3.5.26
      '@vue/shared': 3.5.26

  '@vue/runtime-dom@3.5.26':
    dependencies:
      '@vue/reactivity': 3.5.26
      '@vue/runtime-core': 3.5.26
      '@vue/shared': 3.5.26
      csstype: 3.2.3

  '@vue/server-renderer@3.5.26(vue@3.5.26)':
    dependencies:
      '@vue/compiler-ssr': 3.5.26
      '@vue/shared': 3.5.26
      vue: 3.5.26

  '@vue/shared@3.5.26': {}

  '@vueuse/core@10.11.1(vue@3.5.26)':
    dependencies:
      '@types/web-bluetooth': 0.0.20
      '@vueuse/metadata': 10.11.1
      '@vueuse/shared': 10.11.1(vue@3.5.26)
      vue-demi: 0.14.10(vue@3.5.26)
    transitivePeerDependencies:
      - '@vue/composition-api'
      - vue

  '@vueuse/metadata@10.11.1': {}

  '@vueuse/shared@10.11.1(vue@3.5.26)':
    dependencies:
      vue-demi: 0.14.10(vue@3.5.26)
    transitivePeerDependencies:
      - '@vue/composition-api'
      - vue

  braces@3.0.3:
    dependencies:
      fill-range: 7.1.1
    optional: true

  chokidar@4.0.3:
    dependencies:
      readdirp: 4.1.2

  csstype@3.2.3: {}

  d3-color@3.1.0: {}

  d3-dispatch@3.0.1: {}

  d3-drag@3.0.0:
    dependencies:
      d3-dispatch: 3.0.1
      d3-selection: 3.0.0

  d3-ease@3.0.1: {}

  d3-interpolate@3.0.1:
    dependencies:
      d3-color: 3.1.0

  d3-selection@3.0.0: {}

  d3-timer@3.0.1: {}

  d3-transition@3.0.1(d3-selection@3.0.0):
    dependencies:
      d3-color: 3.1.0
      d3-dispatch: 3.0.1
      d3-ease: 3.0.1
      d3-interpolate: 3.0.1
      d3-selection: 3.0.0
      d3-timer: 3.0.1

  d3-zoom@3.0.0:
    dependencies:
      d3-dispatch: 3.0.1
      d3-drag: 3.0.0
      d3-interpolate: 3.0.1
      d3-selection: 3.0.0
      d3-transition: 3.0.1(d3-selection@3.0.0)

  date-fns-tz@2.0.1(date-fns@2.30.0):
    dependencies:
      date-fns: 2.30.0

  date-fns@2.30.0:
    dependencies:
      '@babel/runtime': 7.28.4

  detect-libc@1.0.3:
    optional: true

  entities@7.0.0: {}

  estree-walker@2.0.2: {}

  fill-range@7.1.1:
    dependencies:
      to-regex-range: 5.0.1
    optional: true

  focus-trap-vue@4.1.0(focus-trap@7.7.0)(vue@3.5.26):
    dependencies:
      focus-trap: 7.7.0
      vue: 3.5.26

  focus-trap@7.7.0:
    dependencies:
      tabbable: 6.3.0

  immutable@5.1.4: {}

  is-extglob@2.1.1:
    optional: true

  is-glob@4.0.3:
    dependencies:
      is-extglob: 2.1.1
    optional: true

  is-number@7.0.0:
    optional: true

  lodash-es@4.17.22: {}

  lodash@4.17.21: {}

  magic-string@0.30.21:
    dependencies:
      '@jridgewell/sourcemap-codec': 1.5.5

  micromatch@4.0.8:
    dependencies:
      braces: 3.0.3
      picomatch: 2.3.1
    optional: true

  nanoid@3.3.11: {}

  nanoid@5.1.6: {}

  node-addon-api@7.1.1:
    optional: true

  picocolors@1.1.1: {}

  picomatch@2.3.1:
    optional: true

  postcss@8.5.6:
    dependencies:
      nanoid: 3.3.11
      picocolors: 1.1.1
      source-map-js: 1.2.1

  readdirp@4.1.2: {}

  sass@1.97.1:
    dependencies:
      chokidar: 4.0.3
      immutable: 5.1.4
      source-map-js: 1.2.1
    optionalDependencies:
      '@parcel/watcher': 2.5.1

  sortablejs@1.15.6: {}

  source-map-js@1.2.1: {}

  swrv@1.1.0(vue@3.5.26):
    dependencies:
      vue: 3.5.26

  tabbable@6.3.0: {}

  to-regex-range@5.0.1:
    dependencies:
      is-number: 7.0.0
    optional: true

  v-calendar@3.1.2(@popperjs/core@2.11.8)(vue@3.5.26):
    dependencies:
      '@popperjs/core': 2.11.8
      '@types/lodash': 4.17.21
      '@types/resize-observer-browser': 0.1.11
      date-fns: 2.30.0
      date-fns-tz: 2.0.1(date-fns@2.30.0)
      lodash: 4.17.21
      vue: 3.5.26
      vue-screen-utils: 1.0.0-beta.13(vue@3.5.26)

  virtua@0.45.3(vue@3.5.26):
    optionalDependencies:
      vue: 3.5.26

  vue-demi@0.14.10(vue@3.5.26):
    dependencies:
      vue: 3.5.26

  vue-draggable-next@2.3.0(sortablejs@1.15.6)(vue@3.5.26):
    dependencies:
      sortablejs: 1.15.6
      vue: 3.5.26

  vue-router@4.6.4(vue@3.5.26):
    dependencies:
      '@vue/devtools-api': 6.6.4
      vue: 3.5.26

  vue-screen-utils@1.0.0-beta.13(vue@3.5.26):
    dependencies:
      vue: 3.5.26

  vue@3.5.26:
    dependencies:
      '@vue/compiler-dom': 3.5.26
      '@vue/compiler-sfc': 3.5.26
      '@vue/runtime-dom': 3.5.26
      '@vue/server-renderer': 3.5.26(vue@3.5.26)
      '@vue/shared': 3.5.26
