lockfileVersion: '9.0'

settings:
  autoInstallPeers: true
  excludeLinksFromLockfile: false

importers:

  .:
    dependencies:
      '@vue-flow/background':
        specifier: ^1.3.2
        version: 1.3.2(@vue-flow/core@1.48.1(vue@3.5.26))(vue@3.5.26)
      '@vue-flow/controls':
        specifier: ^1.1.3
        version: 1.1.3(@vue-flow/core@1.48.1(vue@3.5.26))(vue@3.5.26)
      '@vue-flow/core':
        specifier: ^1.48.1
        version: 1.48.1(vue@3.5.26)
    devDependencies:
      vue:
        specifier: ^3.5.26
        version: 3.5.26

packages:

  '@babel/helper-string-parser@7.27.1':
    resolution: {integrity: sha512-qMlSxKbpRlAridDExk92nSobyDdpPijUq2DW6oDnUqd0iOGxmQjyqhMIihI9+zv4LPyZdRje2cavWPbCbWm3eA==}
    engines: {node: '>=6.9.0'}

  '@babel/helper-validator-identifier@7.28.5':
    resolution: {integrity: sha512-qSs4ifwzKJSV39ucNjsvc6WVHs6b7S03sOh2OcHF9UHfVPqWWALUsNUVzhSBiItjRZoLHx7nIarVjqKVusUZ1Q==}
    engines: {node: '>=6.9.0'}

  '@babel/parser@7.28.5':
    resolution: {integrity: sha512-KKBU1VGYR7ORr3At5HAtUQ+TV3SzRCXmA/8OdDZiLDBIZxVyzXuztPjfLd3BV1PRAQGCMWWSHYhL0F8d5uHBDQ==}
    engines: {node: '>=6.0.0'}
    hasBin: true

  '@babel/types@7.28.5':
    resolution: {integrity: sha512-qQ5m48eI/MFLQ5PxQj4PFaprjyCTLI37ElWMmNs0K8Lk3dVeOdNpB3ks8jc7yM5CDmVC73eMVk/trk3fgmrUpA==}
    engines: {node: '>=6.9.0'}

  '@jridgewell/sourcemap-codec@1.5.5':
    resolution: {integrity: sha512-cYQ9310grqxueWbl+WuIUIaiUaDcj7WOq5fVhEljNVgRfOUhY9fy2zTvfoqWsnebh8Sl70VScFbICvJnLKB0Og==}

  '@types/web-bluetooth@0.0.20':
    resolution: {integrity: sha512-g9gZnnXVq7gM7v3tJCWV/qw7w+KeOlSHAhgF9RytFyifW6AF61hdT2ucrYhPq9hLs5JIryeupHV3qGk95dH9ow==}

  '@vue-flow/background@1.3.2':
    resolution: {integrity: sha512-eJPhDcLj1wEo45bBoqTXw1uhl0yK2RaQGnEINqvvBsAFKh/camHJd5NPmOdS1w+M9lggc9igUewxaEd3iCQX2w==}
    peerDependencies:
      '@vue-flow/core': ^1.23.0
      vue: ^3.3.0

  '@vue-flow/controls@1.1.3':
    resolution: {integrity: sha512-XCf+G+jCvaWURdFlZmOjifZGw3XMhN5hHlfMGkWh9xot+9nH9gdTZtn+ldIJKtarg3B21iyHU8JjKDhYcB6JMw==}
    peerDependencies:
      '@vue-flow/core': ^1.23.0
      vue: ^3.3.0

  '@vue-flow/core@1.48.1':
    resolution: {integrity: sha512-3IxaMBLvWRbznZ4CuK0kVhp4Y4lCDQx9nhi48Swp6PwPw29KNhmiKd2kaBogYeWjGLb/tLjlE9V0s3jEmKCYWw==}
    peerDependencies:
      vue: ^3.3.0

  '@vue/compiler-core@3.5.26':
    resolution: {integrity: sha512-vXyI5GMfuoBCnv5ucIT7jhHKl55Y477yxP6fc4eUswjP8FG3FFVFd41eNDArR+Uk3QKn2Z85NavjaxLxOC19/w==}

  '@vue/compiler-dom@3.5.26':
    resolution: {integrity: sha512-y1Tcd3eXs834QjswshSilCBnKGeQjQXB6PqFn/1nxcQw4pmG42G8lwz+FZPAZAby6gZeHSt/8LMPfZ4Rb+Bd/A==}

  '@vue/compiler-sfc@3.5.26':
    resolution: {integrity: sha512-egp69qDTSEZcf4bGOSsprUr4xI73wfrY5oRs6GSgXFTiHrWj4Y3X5Ydtip9QMqiCMCPVwLglB9GBxXtTadJ3mA==}

  '@vue/compiler-ssr@3.5.26':
    resolution: {integrity: sha512-lZT9/Y0nSIRUPVvapFJEVDbEXruZh2IYHMk2zTtEgJSlP5gVOqeWXH54xDKAaFS4rTnDeDBQUYDtxKyoW9FwDw==}

  '@vue/reactivity@3.5.26':
    resolution: {integrity: sha512-9EnYB1/DIiUYYnzlnUBgwU32NNvLp/nhxLXeWRhHUEeWNTn1ECxX8aGO7RTXeX6PPcxe3LLuNBFoJbV4QZ+CFQ==}

  '@vue/runtime-core@3.5.26':
    resolution: {integrity: sha512-xJWM9KH1kd201w5DvMDOwDHYhrdPTrAatn56oB/LRG4plEQeZRQLw0Bpwih9KYoqmzaxF0OKSn6swzYi84e1/Q==}

  '@vue/runtime-dom@3.5.26':
    resolution: {integrity: sha512-XLLd/+4sPC2ZkN/6+V4O4gjJu6kSDbHAChvsyWgm1oGbdSO3efvGYnm25yCjtFm/K7rrSDvSfPDgN1pHgS4VNQ==}

  '@vue/server-renderer@3.5.26':
    resolution: {integrity: sha512-TYKLXmrwWKSodyVuO1WAubucd+1XlLg4set0YoV+Hu8Lo79mp/YMwWV5mC5FgtsDxX3qo1ONrxFaTP1OQgy1uA==}
    peerDependencies:
      vue: 3.5.26

  '@vue/shared@3.5.26':
    resolution: {integrity: sha512-7Z6/y3uFI5PRoKeorTOSXKcDj0MSasfNNltcslbFrPpcw6aXRUALq4IfJlaTRspiWIUOEZbrpM+iQGmCOiWe4A==}

  '@vueuse/core@10.11.1':
    resolution: {integrity: sha512-guoy26JQktXPcz+0n3GukWIy/JDNKti9v6VEMu6kV2sYBsWuGiTU8OWdg+ADfUbHg3/3DlqySDe7JmdHrktiww==}

  '@vueuse/metadata@10.11.1':
    resolution: {integrity: sha512-IGa5FXd003Ug1qAZmyE8wF3sJ81xGLSqTqtQ6jaVfkeZ4i5kS2mwQF61yhVqojRnenVew5PldLyRgvdl4YYuSw==}

  '@vueuse/shared@10.11.1':
    resolution: {integrity: sha512-LHpC8711VFZlDaYUXEBbFBCQ7GS3dVU9mjOhhMhXP6txTV4EhYQg/KGnQuvt/sPAtoUKq7VVUnL6mVtFoL42sA==}

  csstype@3.2.3:
    resolution: {integrity: sha512-z1HGKcYy2xA8AGQfwrn0PAy+PB7X/GSj3UVJW9qKyn43xWa+gl5nXmU4qqLMRzWVLFC8KusUX8T/0kCiOYpAIQ==}

  d3-color@3.1.0:
    resolution: {integrity: sha512-zg/chbXyeBtMQ1LbD/WSoW2DpC3I0mpmPdW+ynRTj/x2DAWYrIY7qeZIHidozwV24m4iavr15lNwIwLxRmOxhA==}
    engines: {node: '>=12'}

  d3-dispatch@3.0.1:
    resolution: {integrity: sha512-rzUyPU/S7rwUflMyLc1ETDeBj0NRuHKKAcvukozwhshr6g6c5d8zh4c2gQjY2bZ0dXeGLWc1PF174P2tVvKhfg==}
    engines: {node: '>=12'}

  d3-drag@3.0.0:
    resolution: {integrity: sha512-pWbUJLdETVA8lQNJecMxoXfH6x+mO2UQo8rSmZ+QqxcbyA3hfeprFgIT//HW2nlHChWeIIMwS2Fq+gEARkhTkg==}
    engines: {node: '>=12'}

  d3-ease@3.0.1:
    resolution: {integrity: sha512-wR/XK3D3XcLIZwpbvQwQ5fK+8Ykds1ip7A2Txe0yxncXSdq1L9skcG7blcedkOX+ZcgxGAmLX1FrRGbADwzi0w==}
    engines: {node: '>=12'}

  d3-interpolate@3.0.1:
    resolution: {integrity: sha512-3bYs1rOD33uo8aqJfKP3JWPAibgw8Zm2+L9vBKEHJ2Rg+viTR7o5Mmv5mZcieN+FRYaAOWX5SJATX6k1PWz72g==}
    engines: {node: '>=12'}

  d3-selection@3.0.0:
    resolution: {integrity: sha512-fmTRWbNMmsmWq6xJV8D19U/gw/bwrHfNXxrIN+HfZgnzqTHp9jOmKMhsTUjXOJnZOdZY9Q28y4yebKzqDKlxlQ==}
    engines: {node: '>=12'}

  d3-timer@3.0.1:
    resolution: {integrity: sha512-ndfJ/JxxMd3nw31uyKoY2naivF+r29V+Lc0svZxe1JvvIRmi8hUsrMvdOwgS1o6uBHmiz91geQ0ylPP0aj1VUA==}
    engines: {node: '>=12'}

  d3-transition@3.0.1:
    resolution: {integrity: sha512-ApKvfjsSR6tg06xrL434C0WydLr7JewBB3V+/39RMHsaXTOG0zmt/OAXeng5M5LBm0ojmxJrpomQVZ1aPvBL4w==}
    engines: {node: '>=12'}
    peerDependencies:
      d3-selection: 2 - 3

  d3-zoom@3.0.0:
    resolution: {integrity: sha512-b8AmV3kfQaqWAuacbPuNbL6vahnOJflOhexLzMMNLga62+/nh0JzvJ0aO/5a5MVgUFGS7Hu1P9P03o3fJkDCyw==}
    engines: {node: '>=12'}

  entities@7.0.0:
    resolution: {integrity: sha512-FDWG5cmEYf2Z00IkYRhbFrwIwvdFKH07uV8dvNy0omp/Qb1xcyCWp2UDtcwJF4QZZvk0sLudP6/hAu42TaqVhQ==}
    engines: {node: '>=0.12'}

  estree-walker@2.0.2:
    resolution: {integrity: sha512-Rfkk/Mp/DL7JVje3u18FxFujQlTNR2q6QfMSMB7AvCBx91NGj/ba3kCfza0f6dVDbw7YlRf/nDrn7pQrCCyQ/w==}

  magic-string@0.30.21:
    resolution: {integrity: sha512-vd2F4YUyEXKGcLHoq+TEyCjxueSeHnFxyyjNp80yg0XV4vUhnDer/lvvlqM/arB5bXQN5K2/3oinyCRyx8T2CQ==}

  nanoid@3.3.11:
    resolution: {integrity: sha512-N8SpfPUnUp1bK+PMYW8qSWdl9U+wwNWI4QKxOYDy9JAro3WMX7p2OeVRF9v+347pnakNevPmiHhNmZ2HbFA76w==}
    engines: {node: ^10 || ^12 || ^13.7 || ^14 || >=15.0.1}
    hasBin: true

  picocolors@1.1.1:
    resolution: {integrity: sha512-xceH2snhtb5M9liqDsmEw56le376mTZkEX/jEb/RxNFyegNul7eNslCXP9FDj/Lcu0X8KEyMceP2ntpaHrDEVA==}

  postcss@8.5.6:
    resolution: {integrity: sha512-3Ybi1tAuwAP9s0r1UQ2J4n5Y0G05bJkpUIO0/bI9MhwmD70S5aTWbXGBwxHrelT+XM1k6dM0pk+SwNkpTRN7Pg==}
    engines: {node: ^10 || ^12 || >=14}

  source-map-js@1.2.1:
    resolution: {integrity: sha512-UXWMKhLOwVKb728IUtQPXxfYU+usdybtUrK/8uGE8CQMvrhOpwvzDBwj0QhSL7MQc7vIsISBG8VQ8+IDQxpfQA==}
    engines: {node: '>=0.10.0'}

  vue-demi@0.14.10:
    resolution: {integrity: sha512-nMZBOwuzabUO0nLgIcc6rycZEebF6eeUfaiQx9+WSk8e29IbLvPU9feI6tqW4kTo3hvoYAJkMh8n8D0fuISphg==}
    engines: {node: '>=12'}
    hasBin: true
    peerDependencies:
      '@vue/composition-api': ^1.0.0-rc.1
      vue: ^3.0.0-0 || ^2.6.0
    peerDependenciesMeta:
      '@vue/composition-api':
        optional: true

  vue@3.5.26:
    resolution: {integrity: sha512-SJ/NTccVyAoNUJmkM9KUqPcYlY+u8OVL1X5EW9RIs3ch5H2uERxyyIUI4MRxVCSOiEcupX9xNGde1tL9ZKpimA==}
    peerDependencies:
      typescript: '*'
    peerDependenciesMeta:
      typescript:
        optional: true

snapshots:

  '@babel/helper-string-parser@7.27.1': {}

  '@babel/helper-validator-identifier@7.28.5': {}

  '@babel/parser@7.28.5':
    dependencies:
      '@babel/types': 7.28.5

  '@babel/types@7.28.5':
    dependencies:
      '@babel/helper-string-parser': 7.27.1
      '@babel/helper-validator-identifier': 7.28.5

  '@jridgewell/sourcemap-codec@1.5.5': {}

  '@types/web-bluetooth@0.0.20': {}

  '@vue-flow/background@1.3.2(@vue-flow/core@1.48.1(vue@3.5.26))(vue@3.5.26)':
    dependencies:
      '@vue-flow/core': 1.48.1(vue@3.5.26)
      vue: 3.5.26

  '@vue-flow/controls@1.1.3(@vue-flow/core@1.48.1(vue@3.5.26))(vue@3.5.26)':
    dependencies:
      '@vue-flow/core': 1.48.1(vue@3.5.26)
      vue: 3.5.26

  '@vue-flow/core@1.48.1(vue@3.5.26)':
    dependencies:
      '@vueuse/core': 10.11.1(vue@3.5.26)
      d3-drag: 3.0.0
      d3-interpolate: 3.0.1
      d3-selection: 3.0.0
      d3-zoom: 3.0.0
      vue: 3.5.26
    transitivePeerDependencies:
      - '@vue/composition-api'

  '@vue/compiler-core@3.5.26':
    dependencies:
      '@babel/parser': 7.28.5
      '@vue/shared': 3.5.26
      entities: 7.0.0
      estree-walker: 2.0.2
      source-map-js: 1.2.1

  '@vue/compiler-dom@3.5.26':
    dependencies:
      '@vue/compiler-core': 3.5.26
      '@vue/shared': 3.5.26

  '@vue/compiler-sfc@3.5.26':
    dependencies:
      '@babel/parser': 7.28.5
      '@vue/compiler-core': 3.5.26
      '@vue/compiler-dom': 3.5.26
      '@vue/compiler-ssr': 3.5.26
      '@vue/shared': 3.5.26
      estree-walker: 2.0.2
      magic-string: 0.30.21
      postcss: 8.5.6
      source-map-js: 1.2.1

  '@vue/compiler-ssr@3.5.26':
    dependencies:
      '@vue/compiler-dom': 3.5.26
      '@vue/shared': 3.5.26

  '@vue/reactivity@3.5.26':
    dependencies:
      '@vue/shared': 3.5.26

  '@vue/runtime-core@3.5.26':
    dependencies:
      '@vue/reactivity': 3.5.26
      '@vue/shared': 3.5.26

  '@vue/runtime-dom@3.5.26':
    dependencies:
      '@vue/reactivity': 3.5.26
      '@vue/runtime-core': 3.5.26
      '@vue/shared': 3.5.26
      csstype: 3.2.3

  '@vue/server-renderer@3.5.26(vue@3.5.26)':
    dependencies:
      '@vue/compiler-ssr': 3.5.26
      '@vue/shared': 3.5.26
      vue: 3.5.26

  '@vue/shared@3.5.26': {}

  '@vueuse/core@10.11.1(vue@3.5.26)':
    dependencies:
      '@types/web-bluetooth': 0.0.20
      '@vueuse/metadata': 10.11.1
      '@vueuse/shared': 10.11.1(vue@3.5.26)
      vue-demi: 0.14.10(vue@3.5.26)
    transitivePeerDependencies:
      - '@vue/composition-api'
      - vue

  '@vueuse/metadata@10.11.1': {}

  '@vueuse/shared@10.11.1(vue@3.5.26)':
    dependencies:
      vue-demi: 0.14.10(vue@3.5.26)
    transitivePeerDependencies:
      - '@vue/composition-api'
      - vue

  csstype@3.2.3: {}

  d3-color@3.1.0: {}

  d3-dispatch@3.0.1: {}

  d3-drag@3.0.0:
    dependencies:
      d3-dispatch: 3.0.1
      d3-selection: 3.0.0

  d3-ease@3.0.1: {}

  d3-interpolate@3.0.1:
    dependencies:
      d3-color: 3.1.0

  d3-selection@3.0.0: {}

  d3-timer@3.0.1: {}

  d3-transition@3.0.1(d3-selection@3.0.0):
    dependencies:
      d3-color: 3.1.0
      d3-dispatch: 3.0.1
      d3-ease: 3.0.1
      d3-interpolate: 3.0.1
      d3-selection: 3.0.0
      d3-timer: 3.0.1

  d3-zoom@3.0.0:
    dependencies:
      d3-dispatch: 3.0.1
      d3-drag: 3.0.0
      d3-interpolate: 3.0.1
      d3-selection: 3.0.0
      d3-transition: 3.0.1(d3-selection@3.0.0)

  entities@7.0.0: {}

  estree-walker@2.0.2: {}

  magic-string@0.30.21:
    dependencies:
      '@jridgewell/sourcemap-codec': 1.5.5

  nanoid@3.3.11: {}

  picocolors@1.1.1: {}

  postcss@8.5.6:
    dependencies:
      nanoid: 3.3.11
      picocolors: 1.1.1
      source-map-js: 1.2.1

  source-map-js@1.2.1: {}

  vue-demi@0.14.10(vue@3.5.26):
    dependencies:
      vue: 3.5.26

  vue@3.5.26:
    dependencies:
      '@vue/compiler-dom': 3.5.26
      '@vue/compiler-sfc': 3.5.26
      '@vue/runtime-dom': 3.5.26
      '@vue/server-renderer': 3.5.26(vue@3.5.26)
      '@vue/shared': 3.5.26
